
Microsoft Visual Studio Solution File, Format Version 12.00
# Visual Studio Version 17
VisualStudioVersion = 17.2.32602.215
MinimumVisualStudioVersion = 10.0.40219.1
Project("{FAE04EC0-301F-11D3-BF4B-00C04F79EFBC}") = "01. Train", "01. Train\01. Train.csproj", "{AFCFC92C-095C-4272-ACED-584712638E85}"
EndProject
Project("{FAE04EC0-301F-11D3-BF4B-00C04F79EFBC}") = "02. Change List", "02. Change List\02. Change List.csproj", "{D15FB556-A04A-483B-A777-F602CFF547D8}"
EndProject
Project("{FAE04EC0-301F-11D3-BF4B-00C04F79EFBC}") = "03. House Party", "03. House Party\03. House Party.csproj", "{27D57255-4650-4ACF-84EE-719197E5BFB0}"
EndProject
Project("{FAE04EC0-301F-11D3-BF4B-00C04F79EFBC}") = "04. List Operations", "04. List Operations\04. List Operations.csproj", "{3BF7D429-1792-4F34-B393-DEF15BDB3621}"
EndProject
Project("{FAE04EC0-301F-11D3-BF4B-00C04F79EFBC}") = "05. Bomb Numbers", "05. Bomb Numbers\05. Bomb Numbers.csproj", "{9D54ED4F-A59F-499F-9F72-D3EDD95B3527}"
EndProject
Project("{FAE04EC0-301F-11D3-BF4B-00C04F79EFBC}") = "06. Cards Game", "06. Cards Game\06. Cards Game.csproj", "{EE974D54-AC91-40FF-954B-463C37A8C506}"
EndProject
Project("{FAE04EC0-301F-11D3-BF4B-00C04F79EFBC}") = "07. Append Arrays", "07. Append Arrays\07. Append Arrays.csproj", "{75078E4F-8440-4DE7-8B36-170B957E42B3}"
EndProject
Project("{FAE04EC0-301F-11D3-BF4B-00C04F79EFBC}") = "08. Anonymous Threat", "08. Anonymous Threat\08. Anonymous Threat.csproj", "{402EB7C9-213C-4F72-A35E-DEF67317E342}"
EndProject
Project("{FAE04EC0-301F-11D3-BF4B-00C04F79EFBC}") = "09. Pokemon Don't Go", "09. Pokemon Don't Go\09. Pokemon Don't Go.csproj", "{1D6D11F7-2FA6-40F3-BDEA-6F75AA9CE3C2}"
EndProject
Project("{FAE04EC0-301F-11D3-BF4B-00C04F79EFBC}") = "10. SoftUni Course Planning", "10. SoftUni Course Planning\10. SoftUni Course Planning.csproj", "{D27AA81B-692E-4E3D-9524-A0C594F4DCD5}"
EndProject
Global
	GlobalSection(SolutionConfigurationPlatforms) = preSolution
		Debug|Any CPU = Debug|Any CPU
		Release|Any CPU = Release|Any CPU
	EndGlobalSection
	GlobalSection(ProjectConfigurationPlatforms) = postSolution
		{AFCFC92C-095C-4272-ACED-584712638E85}.Debug|Any CPU.ActiveCfg = Debug|Any CPU
		{AFCFC92C-095C-4272-ACED-584712638E85}.Debug|Any CPU.Build.0 = Debug|Any CPU
		{AFCFC92C-095C-4272-ACED-584712638E85}.Release|Any CPU.ActiveCfg = Release|Any CPU
		{AFCFC92C-095C-4272-ACED-584712638E85}.Release|Any CPU.Build.0 = Release|Any CPU
		{D15FB556-A04A-483B-A777-F602CFF547D8}.Debug|Any CPU.ActiveCfg = Debug|Any CPU
		{D15FB556-A04A-483B-A777-F602CFF547D8}.Debug|Any CPU.Build.0 = Debug|Any CPU
		{D15FB556-A04A-483B-A777-F602CFF547D8}.Release|Any CPU.ActiveCfg = Release|Any CPU
		{D15FB556-A04A-483B-A777-F602CFF547D8}.Release|Any CPU.Build.0 = Release|Any CPU
		{27D57255-4650-4ACF-84EE-719197E5BFB0}.Debug|Any CPU.ActiveCfg = Debug|Any CPU
		{27D57255-4650-4ACF-84EE-719197E5BFB0}.Debug|Any CPU.Build.0 = Debug|Any CPU
		{27D57255-4650-4ACF-84EE-719197E5BFB0}.Release|Any CPU.ActiveCfg = Release|Any CPU
		{27D57255-4650-4ACF-84EE-719197E5BFB0}.Release|Any CPU.Build.0 = Release|Any CPU
		{3BF7D429-1792-4F34-B393-DEF15BDB3621}.Debug|Any CPU.ActiveCfg = Debug|Any CPU
		{3BF7D429-1792-4F34-B393-DEF15BDB3621}.Debug|Any CPU.Build.0 = Debug|Any CPU
		{3BF7D429-1792-4F34-B393-DEF15BDB3621}.Release|Any CPU.ActiveCfg = Release|Any CPU
		{3BF7D429-1792-4F34-B393-DEF15BDB3621}.Release|Any CPU.Build.0 = Release|Any CPU
		{9D54ED4F-A59F-499F-9F72-D3EDD95B3527}.Debug|Any CPU.ActiveCfg = Debug|Any CPU
		{9D54ED4F-A59F-499F-9F72-D3EDD95B3527}.Debug|Any CPU.Build.0 = Debug|Any CPU
		{9D54ED4F-A59F-499F-9F72-D3EDD95B3527}.Release|Any CPU.ActiveCfg = Release|Any CPU
		{9D54ED4F-A59F-499F-9F72-D3EDD95B3527}.Release|Any CPU.Build.0 = Release|Any CPU
		{EE974D54-AC91-40FF-954B-463C37A8C506}.Debug|Any CPU.ActiveCfg = Debug|Any CPU
		{EE974D54-AC91-40FF-954B-463C37A8C506}.Debug|Any CPU.Build.0 = Debug|Any CPU
		{EE974D54-AC91-40FF-954B-463C37A8C506}.Release|Any CPU.ActiveCfg = Release|Any CPU
		{EE974D54-AC91-40FF-954B-463C37A8C506}.Release|Any CPU.Build.0 = Release|Any CPU
		{75078E4F-8440-4DE7-8B36-170B957E42B3}.Debug|Any CPU.ActiveCfg = Debug|Any CPU
		{75078E4F-8440-4DE7-8B36-170B957E42B3}.Debug|Any CPU.Build.0 = Debug|Any CPU
		{75078E4F-8440-4DE7-8B36-170B957E42B3}.Release|Any CPU.ActiveCfg = Release|Any CPU
		{75078E4F-8440-4DE7-8B36-170B957E42B3}.Release|Any CPU.Build.0 = Release|Any CPU
		{402EB7C9-213C-4F72-A35E-DEF67317E342}.Debug|Any CPU.ActiveCfg = Debug|Any CPU
		{402EB7C9-213C-4F72-A35E-DEF67317E342}.Debug|Any CPU.Build.0 = Debug|Any CPU
		{402EB7C9-213C-4F72-A35E-DEF67317E342}.Release|Any CPU.ActiveCfg = Release|Any CPU
		{402EB7C9-213C-4F72-A35E-DEF67317E342}.Release|Any CPU.Build.0 = Release|Any CPU
		{1D6D11F7-2FA6-40F3-BDEA-6F75AA9CE3C2}.Debug|Any CPU.ActiveCfg = Debug|Any CPU
		{1D6D11F7-2FA6-40F3-BDEA-6F75AA9CE3C2}.Debug|Any CPU.Build.0 = Debug|Any CPU
		{1D6D11F7-2FA6-40F3-BDEA-6F75AA9CE3C2}.Release|Any CPU.ActiveCfg = Release|Any CPU
		{1D6D11F7-2FA6-40F3-BDEA-6F75AA9CE3C2}.Release|Any CPU.Build.0 = Release|Any CPU
		{D27AA81B-692E-4E3D-9524-A0C594F4DCD5}.Debug|Any CPU.ActiveCfg = Debug|Any CPU
		{D27AA81B-692E-4E3D-9524-A0C594F4DCD5}.Debug|Any CPU.Build.0 = Debug|Any CPU
		{D27AA81B-692E-4E3D-9524-A0C594F4DCD5}.Release|Any CPU.ActiveCfg = Release|Any CPU
		{D27AA81B-692E-4E3D-9524-A0C594F4DCD5}.Release|Any CPU.Build.0 = Release|Any CPU
	EndGlobalSection
	GlobalSection(SolutionProperties) = preSolution
		HideSolutionNode = FALSE
	EndGlobalSection
	GlobalSection(ExtensibilityGlobals) = postSolution
		SolutionGuid = {A551EB29-51F0-407F-A5BF-5183D2B6D67E}
	EndGlobalSection
EndGlobal
