
Microsoft Visual Studio Solution File, Format Version 12.00
# Visual Studio Version 17
VisualStudioVersion = 17.2.32519.379
MinimumVisualStudioVersion = 10.0.40219.1
Project("{9A19103F-16F7-4668-BE54-9A1E7A4F7556}") = "01. Day of Week", "01. Day of Week\01. Day of Week.csproj", "{46071864-A703-40B1-8901-C00B0A5A0720}"
EndProject
Project("{9A19103F-16F7-4668-BE54-9A1E7A4F7556}") = "02. Print Numbers in Reverse Order", "02. Print Numbers in Reverse Order\02. Print Numbers in Reverse Order.csproj", "{35F192A1-DFE6-4D15-9636-97FD1F428610}"
EndProject
Project("{FAE04EC0-301F-11D3-BF4B-00C04F79EFBC}") = "03. Rounding Numbers", "03. Rounding Numbers\03. Rounding Numbers.csproj", "{B6DEED09-4C3F-432B-9136-D3E094216C6C}"
EndProject
Project("{FAE04EC0-301F-11D3-BF4B-00C04F79EFBC}") = "04. Reverse Array of Strings", "04. Reverse Array of Strings\04. Reverse Array of Strings.csproj", "{34D78A15-D0DE-4B42-BBFB-537707A6DCA7}"
EndProject
Project("{FAE04EC0-301F-11D3-BF4B-00C04F79EFBC}") = "05. Sum Even Numbers", "05. Sum Even Numbers\05. Sum Even Numbers.csproj", "{B2178C62-C6B0-49CF-AC2C-FBF07DA1BB54}"
EndProject
Project("{FAE04EC0-301F-11D3-BF4B-00C04F79EFBC}") = "06. Even and Odd Subtraction", "06. Even and Odd Subtraction\06. Even and Odd Subtraction.csproj", "{A4A9768F-C726-43F6-AA3F-65241738BEC6}"
EndProject
Project("{FAE04EC0-301F-11D3-BF4B-00C04F79EFBC}") = "07. Equal Arrays", "07. Equal Arrays\07. Equal Arrays.csproj", "{07885ED0-ADCB-4F15-9E81-29A96DB98874}"
EndProject
Project("{FAE04EC0-301F-11D3-BF4B-00C04F79EFBC}") = "08. Condense Array to Number", "08. Condense Array to Number\08. Condense Array to Number.csproj", "{1FC416B6-822A-42B0-8855-7D23FD846D99}"
EndProject
Global
	GlobalSection(SolutionConfigurationPlatforms) = preSolution
		Debug|Any CPU = Debug|Any CPU
		Release|Any CPU = Release|Any CPU
	EndGlobalSection
	GlobalSection(ProjectConfigurationPlatforms) = postSolution
		{46071864-A703-40B1-8901-C00B0A5A0720}.Debug|Any CPU.ActiveCfg = Debug|Any CPU
		{46071864-A703-40B1-8901-C00B0A5A0720}.Debug|Any CPU.Build.0 = Debug|Any CPU
		{46071864-A703-40B1-8901-C00B0A5A0720}.Release|Any CPU.ActiveCfg = Release|Any CPU
		{46071864-A703-40B1-8901-C00B0A5A0720}.Release|Any CPU.Build.0 = Release|Any CPU
		{35F192A1-DFE6-4D15-9636-97FD1F428610}.Debug|Any CPU.ActiveCfg = Debug|Any CPU
		{35F192A1-DFE6-4D15-9636-97FD1F428610}.Debug|Any CPU.Build.0 = Debug|Any CPU
		{35F192A1-DFE6-4D15-9636-97FD1F428610}.Release|Any CPU.ActiveCfg = Release|Any CPU
		{35F192A1-DFE6-4D15-9636-97FD1F428610}.Release|Any CPU.Build.0 = Release|Any CPU
		{B6DEED09-4C3F-432B-9136-D3E094216C6C}.Debug|Any CPU.ActiveCfg = Debug|Any CPU
		{B6DEED09-4C3F-432B-9136-D3E094216C6C}.Debug|Any CPU.Build.0 = Debug|Any CPU
		{B6DEED09-4C3F-432B-9136-D3E094216C6C}.Release|Any CPU.ActiveCfg = Release|Any CPU
		{B6DEED09-4C3F-432B-9136-D3E094216C6C}.Release|Any CPU.Build.0 = Release|Any CPU
		{34D78A15-D0DE-4B42-BBFB-537707A6DCA7}.Debug|Any CPU.ActiveCfg = Debug|Any CPU
		{34D78A15-D0DE-4B42-BBFB-537707A6DCA7}.Debug|Any CPU.Build.0 = Debug|Any CPU
		{34D78A15-D0DE-4B42-BBFB-537707A6DCA7}.Release|Any CPU.ActiveCfg = Release|Any CPU
		{34D78A15-D0DE-4B42-BBFB-537707A6DCA7}.Release|Any CPU.Build.0 = Release|Any CPU
		{B2178C62-C6B0-49CF-AC2C-FBF07DA1BB54}.Debug|Any CPU.ActiveCfg = Debug|Any CPU
		{B2178C62-C6B0-49CF-AC2C-FBF07DA1BB54}.Debug|Any CPU.Build.0 = Debug|Any CPU
		{B2178C62-C6B0-49CF-AC2C-FBF07DA1BB54}.Release|Any CPU.ActiveCfg = Release|Any CPU
		{B2178C62-C6B0-49CF-AC2C-FBF07DA1BB54}.Release|Any CPU.Build.0 = Release|Any CPU
		{A4A9768F-C726-43F6-AA3F-65241738BEC6}.Debug|Any CPU.ActiveCfg = Debug|Any CPU
		{A4A9768F-C726-43F6-AA3F-65241738BEC6}.Debug|Any CPU.Build.0 = Debug|Any CPU
		{A4A9768F-C726-43F6-AA3F-65241738BEC6}.Release|Any CPU.ActiveCfg = Release|Any CPU
		{A4A9768F-C726-43F6-AA3F-65241738BEC6}.Release|Any CPU.Build.0 = Release|Any CPU
		{07885ED0-ADCB-4F15-9E81-29A96DB98874}.Debug|Any CPU.ActiveCfg = Debug|Any CPU
		{07885ED0-ADCB-4F15-9E81-29A96DB98874}.Debug|Any CPU.Build.0 = Debug|Any CPU
		{07885ED0-ADCB-4F15-9E81-29A96DB98874}.Release|Any CPU.ActiveCfg = Release|Any CPU
		{07885ED0-ADCB-4F15-9E81-29A96DB98874}.Release|Any CPU.Build.0 = Release|Any CPU
		{1FC416B6-822A-42B0-8855-7D23FD846D99}.Debug|Any CPU.ActiveCfg = Debug|Any CPU
		{1FC416B6-822A-42B0-8855-7D23FD846D99}.Debug|Any CPU.Build.0 = Debug|Any CPU
		{1FC416B6-822A-42B0-8855-7D23FD846D99}.Release|Any CPU.ActiveCfg = Release|Any CPU
		{1FC416B6-822A-42B0-8855-7D23FD846D99}.Release|Any CPU.Build.0 = Release|Any CPU
	EndGlobalSection
	GlobalSection(SolutionProperties) = preSolution
		HideSolutionNode = FALSE
	EndGlobalSection
	GlobalSection(ExtensibilityGlobals) = postSolution
		SolutionGuid = {2C6512AD-D9F0-4A16-97CF-E2E036CDF72A}
	EndGlobalSection
EndGlobal
