
Microsoft Visual Studio Solution File, Format Version 12.00
# Visual Studio Version 17
VisualStudioVersion = 17.2.32602.215
MinimumVisualStudioVersion = 10.0.40219.1
Project("{FAE04EC0-301F-11D3-BF4B-00C04F79EFBC}") = "01. Messaging", "01. Messaging\01. Messaging.csproj", "{B9FD9F18-7E8D-46B2-9CEC-4FC04492D778}"
EndProject
Project("{FAE04EC0-301F-11D3-BF4B-00C04F79EFBC}") = "02. Car Race", "02. Car Race\02. Car Race.csproj", "{7916A138-45CB-484A-B6F7-CC225C02080C}"
EndProject
Project("{FAE04EC0-301F-11D3-BF4B-00C04F79EFBC}") = "03. Take-Skip Rope", "03. Take-Skip Rope\03. Take-Skip Rope.csproj", "{3EF62962-7B55-4B43-B514-D858E3307DAC}"
EndProject
Project("{FAE04EC0-301F-11D3-BF4B-00C04F79EFBC}") = "04. Mixed up Lists", "04. Mixed up Lists\04. Mixed up Lists.csproj", "{8DCF348C-9D6D-4EE9-A5CB-CA05DF04EBF4}"
EndProject
Project("{FAE04EC0-301F-11D3-BF4B-00C04F79EFBC}") = "05. Drum Set", "05. Drum Set\05. Drum Set.csproj", "{045E7B9B-3E33-472C-B07B-EDB800351505}"
EndProject
Global
	GlobalSection(SolutionConfigurationPlatforms) = preSolution
		Debug|Any CPU = Debug|Any CPU
		Release|Any CPU = Release|Any CPU
	EndGlobalSection
	GlobalSection(ProjectConfigurationPlatforms) = postSolution
		{B9FD9F18-7E8D-46B2-9CEC-4FC04492D778}.Debug|Any CPU.ActiveCfg = Debug|Any CPU
		{B9FD9F18-7E8D-46B2-9CEC-4FC04492D778}.Debug|Any CPU.Build.0 = Debug|Any CPU
		{B9FD9F18-7E8D-46B2-9CEC-4FC04492D778}.Release|Any CPU.ActiveCfg = Release|Any CPU
		{B9FD9F18-7E8D-46B2-9CEC-4FC04492D778}.Release|Any CPU.Build.0 = Release|Any CPU
		{7916A138-45CB-484A-B6F7-CC225C02080C}.Debug|Any CPU.ActiveCfg = Debug|Any CPU
		{7916A138-45CB-484A-B6F7-CC225C02080C}.Debug|Any CPU.Build.0 = Debug|Any CPU
		{7916A138-45CB-484A-B6F7-CC225C02080C}.Release|Any CPU.ActiveCfg = Release|Any CPU
		{7916A138-45CB-484A-B6F7-CC225C02080C}.Release|Any CPU.Build.0 = Release|Any CPU
		{3EF62962-7B55-4B43-B514-D858E3307DAC}.Debug|Any CPU.ActiveCfg = Debug|Any CPU
		{3EF62962-7B55-4B43-B514-D858E3307DAC}.Debug|Any CPU.Build.0 = Debug|Any CPU
		{3EF62962-7B55-4B43-B514-D858E3307DAC}.Release|Any CPU.ActiveCfg = Release|Any CPU
		{3EF62962-7B55-4B43-B514-D858E3307DAC}.Release|Any CPU.Build.0 = Release|Any CPU
		{8DCF348C-9D6D-4EE9-A5CB-CA05DF04EBF4}.Debug|Any CPU.ActiveCfg = Debug|Any CPU
		{8DCF348C-9D6D-4EE9-A5CB-CA05DF04EBF4}.Debug|Any CPU.Build.0 = Debug|Any CPU
		{8DCF348C-9D6D-4EE9-A5CB-CA05DF04EBF4}.Release|Any CPU.ActiveCfg = Release|Any CPU
		{8DCF348C-9D6D-4EE9-A5CB-CA05DF04EBF4}.Release|Any CPU.Build.0 = Release|Any CPU
		{045E7B9B-3E33-472C-B07B-EDB800351505}.Debug|Any CPU.ActiveCfg = Debug|Any CPU
		{045E7B9B-3E33-472C-B07B-EDB800351505}.Debug|Any CPU.Build.0 = Debug|Any CPU
		{045E7B9B-3E33-472C-B07B-EDB800351505}.Release|Any CPU.ActiveCfg = Release|Any CPU
		{045E7B9B-3E33-472C-B07B-EDB800351505}.Release|Any CPU.Build.0 = Release|Any CPU
	EndGlobalSection
	GlobalSection(SolutionProperties) = preSolution
		HideSolutionNode = FALSE
	EndGlobalSection
	GlobalSection(ExtensibilityGlobals) = postSolution
		SolutionGuid = {A9B5C054-3495-4F1E-BAC7-62FA86B97B95}
	EndGlobalSection
EndGlobal
