
Microsoft Visual Studio Solution File, Format Version 12.00
# Visual Studio Version 17
VisualStudioVersion = 17.2.32526.322
MinimumVisualStudioVersion = 10.0.40219.1
Project("{FAE04EC0-301F-11D3-BF4B-00C04F79EFBC}") = "01. Encrypt, Sort and Print Array", "01. Encrypt, Sort and Print Array\01. Encrypt, Sort and Print Array.csproj", "{C4BB9383-14F4-41A9-934C-32F56C971CEF}"
EndProject
Project("{FAE04EC0-301F-11D3-BF4B-00C04F79EFBC}") = "02. Pascal Triangle", "02. Pascal Triangle\02. Pascal Triangle.csproj", "{86FE75CD-F9F1-4026-ACD4-088B0339CBAF}"
EndProject
Project("{FAE04EC0-301F-11D3-BF4B-00C04F79EFBC}") = "03. Recursive Fibonacci", "03. Recursive Fibonacci\03. Recursive Fibonacci.csproj", "{00CCA909-15E2-451C-AF3C-23B10FE5A51A}"
EndProject
Project("{FAE04EC0-301F-11D3-BF4B-00C04F79EFBC}") = "04. Fold and Sum", "04. Fold and Sum\04. Fold and Sum.csproj", "{F9A8EE35-8F20-4F9A-90F6-B2D53C581DDD}"
EndProject
Project("{FAE04EC0-301F-11D3-BF4B-00C04F79EFBC}") = "05. Longest Increasing Subsequence", "05. Longest Increasing Subsequence\05. Longest Increasing Subsequence.csproj", "{9D1480F5-05A3-47BE-A724-EF549BA7F2CF}"
EndProject
Project("{FAE04EC0-301F-11D3-BF4B-00C04F79EFBC}") = "test", "test\test.csproj", "{A588304E-BF0A-4B7D-AB12-EA9B5687CF52}"
EndProject
Global
	GlobalSection(SolutionConfigurationPlatforms) = preSolution
		Debug|Any CPU = Debug|Any CPU
		Release|Any CPU = Release|Any CPU
	EndGlobalSection
	GlobalSection(ProjectConfigurationPlatforms) = postSolution
		{C4BB9383-14F4-41A9-934C-32F56C971CEF}.Debug|Any CPU.ActiveCfg = Debug|Any CPU
		{C4BB9383-14F4-41A9-934C-32F56C971CEF}.Debug|Any CPU.Build.0 = Debug|Any CPU
		{C4BB9383-14F4-41A9-934C-32F56C971CEF}.Release|Any CPU.ActiveCfg = Release|Any CPU
		{C4BB9383-14F4-41A9-934C-32F56C971CEF}.Release|Any CPU.Build.0 = Release|Any CPU
		{86FE75CD-F9F1-4026-ACD4-088B0339CBAF}.Debug|Any CPU.ActiveCfg = Debug|Any CPU
		{86FE75CD-F9F1-4026-ACD4-088B0339CBAF}.Debug|Any CPU.Build.0 = Debug|Any CPU
		{86FE75CD-F9F1-4026-ACD4-088B0339CBAF}.Release|Any CPU.ActiveCfg = Release|Any CPU
		{86FE75CD-F9F1-4026-ACD4-088B0339CBAF}.Release|Any CPU.Build.0 = Release|Any CPU
		{00CCA909-15E2-451C-AF3C-23B10FE5A51A}.Debug|Any CPU.ActiveCfg = Debug|Any CPU
		{00CCA909-15E2-451C-AF3C-23B10FE5A51A}.Debug|Any CPU.Build.0 = Debug|Any CPU
		{00CCA909-15E2-451C-AF3C-23B10FE5A51A}.Release|Any CPU.ActiveCfg = Release|Any CPU
		{00CCA909-15E2-451C-AF3C-23B10FE5A51A}.Release|Any CPU.Build.0 = Release|Any CPU
		{F9A8EE35-8F20-4F9A-90F6-B2D53C581DDD}.Debug|Any CPU.ActiveCfg = Debug|Any CPU
		{F9A8EE35-8F20-4F9A-90F6-B2D53C581DDD}.Debug|Any CPU.Build.0 = Debug|Any CPU
		{F9A8EE35-8F20-4F9A-90F6-B2D53C581DDD}.Release|Any CPU.ActiveCfg = Release|Any CPU
		{F9A8EE35-8F20-4F9A-90F6-B2D53C581DDD}.Release|Any CPU.Build.0 = Release|Any CPU
		{9D1480F5-05A3-47BE-A724-EF549BA7F2CF}.Debug|Any CPU.ActiveCfg = Debug|Any CPU
		{9D1480F5-05A3-47BE-A724-EF549BA7F2CF}.Debug|Any CPU.Build.0 = Debug|Any CPU
		{9D1480F5-05A3-47BE-A724-EF549BA7F2CF}.Release|Any CPU.ActiveCfg = Release|Any CPU
		{9D1480F5-05A3-47BE-A724-EF549BA7F2CF}.Release|Any CPU.Build.0 = Release|Any CPU
		{A588304E-BF0A-4B7D-AB12-EA9B5687CF52}.Debug|Any CPU.ActiveCfg = Debug|Any CPU
		{A588304E-BF0A-4B7D-AB12-EA9B5687CF52}.Debug|Any CPU.Build.0 = Debug|Any CPU
		{A588304E-BF0A-4B7D-AB12-EA9B5687CF52}.Release|Any CPU.ActiveCfg = Release|Any CPU
		{A588304E-BF0A-4B7D-AB12-EA9B5687CF52}.Release|Any CPU.Build.0 = Release|Any CPU
	EndGlobalSection
	GlobalSection(SolutionProperties) = preSolution
		HideSolutionNode = FALSE
	EndGlobalSection
	GlobalSection(ExtensibilityGlobals) = postSolution
		SolutionGuid = {1D05B4C8-3008-4B1A-A253-E7D024C8CE9D}
	EndGlobalSection
EndGlobal
