
Microsoft Visual Studio Solution File, Format Version 12.00
# Visual Studio Version 17
VisualStudioVersion = 17.2.32630.192
MinimumVisualStudioVersion = 10.0.40219.1
Project("{FAE04EC0-301F-11D3-BF4B-00C04F79EFBC}") = "01. World Tour", "01. World Tour\01. World Tour.csproj", "{9C442926-F735-462B-9D45-82066F9ACBC5}"
EndProject
Project("{FAE04EC0-301F-11D3-BF4B-00C04F79EFBC}") = "02. Destination Mapper", "02. Destination Mapper\02. Destination Mapper.csproj", "{E102B142-BA96-4F87-B79A-FF54F6C1CE31}"
EndProject
Project("{FAE04EC0-301F-11D3-BF4B-00C04F79EFBC}") = "03. Plant Discovery", "03. Plant Discovery\03. Plant Discovery.csproj", "{7A7A4F91-964D-4690-8738-F0F752186FF9}"
EndProject
Global
	GlobalSection(SolutionConfigurationPlatforms) = preSolution
		Debug|Any CPU = Debug|Any CPU
		Release|Any CPU = Release|Any CPU
	EndGlobalSection
	GlobalSection(ProjectConfigurationPlatforms) = postSolution
		{9C442926-F735-462B-9D45-82066F9ACBC5}.Debug|Any CPU.ActiveCfg = Debug|Any CPU
		{9C442926-F735-462B-9D45-82066F9ACBC5}.Debug|Any CPU.Build.0 = Debug|Any CPU
		{9C442926-F735-462B-9D45-82066F9ACBC5}.Release|Any CPU.ActiveCfg = Release|Any CPU
		{9C442926-F735-462B-9D45-82066F9ACBC5}.Release|Any CPU.Build.0 = Release|Any CPU
		{E102B142-BA96-4F87-B79A-FF54F6C1CE31}.Debug|Any CPU.ActiveCfg = Debug|Any CPU
		{E102B142-BA96-4F87-B79A-FF54F6C1CE31}.Debug|Any CPU.Build.0 = Debug|Any CPU
		{E102B142-BA96-4F87-B79A-FF54F6C1CE31}.Release|Any CPU.ActiveCfg = Release|Any CPU
		{E102B142-BA96-4F87-B79A-FF54F6C1CE31}.Release|Any CPU.Build.0 = Release|Any CPU
		{7A7A4F91-964D-4690-8738-F0F752186FF9}.Debug|Any CPU.ActiveCfg = Debug|Any CPU
		{7A7A4F91-964D-4690-8738-F0F752186FF9}.Debug|Any CPU.Build.0 = Debug|Any CPU
		{7A7A4F91-964D-4690-8738-F0F752186FF9}.Release|Any CPU.ActiveCfg = Release|Any CPU
		{7A7A4F91-964D-4690-8738-F0F752186FF9}.Release|Any CPU.Build.0 = Release|Any CPU
	EndGlobalSection
	GlobalSection(SolutionProperties) = preSolution
		HideSolutionNode = FALSE
	EndGlobalSection
	GlobalSection(ExtensibilityGlobals) = postSolution
		SolutionGuid = {99A9F79A-7E3B-4360-ADE4-E6E012357FD1}
	EndGlobalSection
EndGlobal
