
Microsoft Visual Studio Solution File, Format Version 12.00
# Visual Studio Version 17
VisualStudioVersion = 17.2.32630.192
MinimumVisualStudioVersion = 10.0.40219.1
Project("{FAE04EC0-301F-11D3-BF4B-00C04F79EFBC}") = "1. Winning Ticket", "1. Winning Ticket\1. Winning Ticket.csproj", "{DADEC0C5-CA9C-46A7-BB06-18C3086B96DC}"
EndProject
Project("{FAE04EC0-301F-11D3-BF4B-00C04F79EFBC}") = "2. Rage Quit", "2. Rage Quit\2. Rage Quit.csproj", "{EF95B294-219B-4013-B2AA-7882CC3C2327}"
EndProject
Project("{FAE04EC0-301F-11D3-BF4B-00C04F79EFBC}") = "3. Post Office", "3. Post Office\3. Post Office.csproj", "{E69B388C-EB9A-47BD-9352-03D751BB7B93}"
EndProject
Project("{FAE04EC0-301F-11D3-BF4B-00C04F79EFBC}") = "4. Santa's Secret Helper", "4. Santa's Secret Helper\4. Santa's Secret Helper.csproj", "{16F7F9E0-D8E9-4003-B8C9-16818380125B}"
EndProject
Global
	GlobalSection(SolutionConfigurationPlatforms) = preSolution
		Debug|Any CPU = Debug|Any CPU
		Release|Any CPU = Release|Any CPU
	EndGlobalSection
	GlobalSection(ProjectConfigurationPlatforms) = postSolution
		{DADEC0C5-CA9C-46A7-BB06-18C3086B96DC}.Debug|Any CPU.ActiveCfg = Debug|Any CPU
		{DADEC0C5-CA9C-46A7-BB06-18C3086B96DC}.Debug|Any CPU.Build.0 = Debug|Any CPU
		{DADEC0C5-CA9C-46A7-BB06-18C3086B96DC}.Release|Any CPU.ActiveCfg = Release|Any CPU
		{DADEC0C5-CA9C-46A7-BB06-18C3086B96DC}.Release|Any CPU.Build.0 = Release|Any CPU
		{EF95B294-219B-4013-B2AA-7882CC3C2327}.Debug|Any CPU.ActiveCfg = Debug|Any CPU
		{EF95B294-219B-4013-B2AA-7882CC3C2327}.Debug|Any CPU.Build.0 = Debug|Any CPU
		{EF95B294-219B-4013-B2AA-7882CC3C2327}.Release|Any CPU.ActiveCfg = Release|Any CPU
		{EF95B294-219B-4013-B2AA-7882CC3C2327}.Release|Any CPU.Build.0 = Release|Any CPU
		{E69B388C-EB9A-47BD-9352-03D751BB7B93}.Debug|Any CPU.ActiveCfg = Debug|Any CPU
		{E69B388C-EB9A-47BD-9352-03D751BB7B93}.Debug|Any CPU.Build.0 = Debug|Any CPU
		{E69B388C-EB9A-47BD-9352-03D751BB7B93}.Release|Any CPU.ActiveCfg = Release|Any CPU
		{E69B388C-EB9A-47BD-9352-03D751BB7B93}.Release|Any CPU.Build.0 = Release|Any CPU
		{16F7F9E0-D8E9-4003-B8C9-16818380125B}.Debug|Any CPU.ActiveCfg = Debug|Any CPU
		{16F7F9E0-D8E9-4003-B8C9-16818380125B}.Debug|Any CPU.Build.0 = Debug|Any CPU
		{16F7F9E0-D8E9-4003-B8C9-16818380125B}.Release|Any CPU.ActiveCfg = Release|Any CPU
		{16F7F9E0-D8E9-4003-B8C9-16818380125B}.Release|Any CPU.Build.0 = Release|Any CPU
	EndGlobalSection
	GlobalSection(SolutionProperties) = preSolution
		HideSolutionNode = FALSE
	EndGlobalSection
	GlobalSection(ExtensibilityGlobals) = postSolution
		SolutionGuid = {76415309-B263-45C3-8E1E-D818231C1CE5}
	EndGlobalSection
EndGlobal
