
Microsoft Visual Studio Solution File, Format Version 12.00
# Visual Studio Version 17
VisualStudioVersion = 17.2.32630.192
MinimumVisualStudioVersion = 10.0.40219.1
Project("{FAE04EC0-301F-11D3-BF4B-00C04F79EFBC}") = "01. Secret Chat", "01. Secret Chat\01. Secret Chat.csproj", "{F15CD599-57B1-4FBE-A908-2DF2E124D9B4}"
EndProject
Project("{FAE04EC0-301F-11D3-BF4B-00C04F79EFBC}") = "02. Mirror Words", "02. Mirror Words\02. Mirror Words.csproj", "{0C56C9AF-2B13-4B0A-9C58-E61B09FB824A}"
EndProject
Project("{FAE04EC0-301F-11D3-BF4B-00C04F79EFBC}") = "03. Need for Speed III", "03. Need for Speed III\03. Need for Speed III.csproj", "{83FA217F-CD12-4B34-A154-EB2D378C4568}"
EndProject
Global
	GlobalSection(SolutionConfigurationPlatforms) = preSolution
		Debug|Any CPU = Debug|Any CPU
		Release|Any CPU = Release|Any CPU
	EndGlobalSection
	GlobalSection(ProjectConfigurationPlatforms) = postSolution
		{F15CD599-57B1-4FBE-A908-2DF2E124D9B4}.Debug|Any CPU.ActiveCfg = Debug|Any CPU
		{F15CD599-57B1-4FBE-A908-2DF2E124D9B4}.Debug|Any CPU.Build.0 = Debug|Any CPU
		{F15CD599-57B1-4FBE-A908-2DF2E124D9B4}.Release|Any CPU.ActiveCfg = Release|Any CPU
		{F15CD599-57B1-4FBE-A908-2DF2E124D9B4}.Release|Any CPU.Build.0 = Release|Any CPU
		{0C56C9AF-2B13-4B0A-9C58-E61B09FB824A}.Debug|Any CPU.ActiveCfg = Debug|Any CPU
		{0C56C9AF-2B13-4B0A-9C58-E61B09FB824A}.Debug|Any CPU.Build.0 = Debug|Any CPU
		{0C56C9AF-2B13-4B0A-9C58-E61B09FB824A}.Release|Any CPU.ActiveCfg = Release|Any CPU
		{0C56C9AF-2B13-4B0A-9C58-E61B09FB824A}.Release|Any CPU.Build.0 = Release|Any CPU
		{83FA217F-CD12-4B34-A154-EB2D378C4568}.Debug|Any CPU.ActiveCfg = Debug|Any CPU
		{83FA217F-CD12-4B34-A154-EB2D378C4568}.Debug|Any CPU.Build.0 = Debug|Any CPU
		{83FA217F-CD12-4B34-A154-EB2D378C4568}.Release|Any CPU.ActiveCfg = Release|Any CPU
		{83FA217F-CD12-4B34-A154-EB2D378C4568}.Release|Any CPU.Build.0 = Release|Any CPU
	EndGlobalSection
	GlobalSection(SolutionProperties) = preSolution
		HideSolutionNode = FALSE
	EndGlobalSection
	GlobalSection(ExtensibilityGlobals) = postSolution
		SolutionGuid = {EBE7D572-7EBB-42F7-B625-778187E8C1D4}
	EndGlobalSection
EndGlobal
