
Microsoft Visual Studio Solution File, Format Version 12.00
# Visual Studio Version 17
VisualStudioVersion = 17.2.32616.157
MinimumVisualStudioVersion = 10.0.40219.1
Project("{FAE04EC0-301F-11D3-BF4B-00C04F79EFBC}") = "01. Burger Bus", "01. Burger Bus\01. Burger Bus.csproj", "{232C152F-3B02-4A3D-8BC3-810991D13004}"
EndProject
Project("{FAE04EC0-301F-11D3-BF4B-00C04F79EFBC}") = "02. Space Travel", "02. Space Travel\02. Space Travel.csproj", "{2AFF65C2-D1D2-460E-B2C2-A8F80C281A36}"
EndProject
Project("{FAE04EC0-301F-11D3-BF4B-00C04F79EFBC}") = "03. Phone Shop", "03. Phone Shop\03. Phone Shop.csproj", "{324DB0E8-D4E0-4B6C-A9AB-B466EF8BA279}"
EndProject
Global
	GlobalSection(SolutionConfigurationPlatforms) = preSolution
		Debug|Any CPU = Debug|Any CPU
		Release|Any CPU = Release|Any CPU
	EndGlobalSection
	GlobalSection(ProjectConfigurationPlatforms) = postSolution
		{232C152F-3B02-4A3D-8BC3-810991D13004}.Debug|Any CPU.ActiveCfg = Debug|Any CPU
		{232C152F-3B02-4A3D-8BC3-810991D13004}.Debug|Any CPU.Build.0 = Debug|Any CPU
		{232C152F-3B02-4A3D-8BC3-810991D13004}.Release|Any CPU.ActiveCfg = Release|Any CPU
		{232C152F-3B02-4A3D-8BC3-810991D13004}.Release|Any CPU.Build.0 = Release|Any CPU
		{2AFF65C2-D1D2-460E-B2C2-A8F80C281A36}.Debug|Any CPU.ActiveCfg = Debug|Any CPU
		{2AFF65C2-D1D2-460E-B2C2-A8F80C281A36}.Debug|Any CPU.Build.0 = Debug|Any CPU
		{2AFF65C2-D1D2-460E-B2C2-A8F80C281A36}.Release|Any CPU.ActiveCfg = Release|Any CPU
		{2AFF65C2-D1D2-460E-B2C2-A8F80C281A36}.Release|Any CPU.Build.0 = Release|Any CPU
		{324DB0E8-D4E0-4B6C-A9AB-B466EF8BA279}.Debug|Any CPU.ActiveCfg = Debug|Any CPU
		{324DB0E8-D4E0-4B6C-A9AB-B466EF8BA279}.Debug|Any CPU.Build.0 = Debug|Any CPU
		{324DB0E8-D4E0-4B6C-A9AB-B466EF8BA279}.Release|Any CPU.ActiveCfg = Release|Any CPU
		{324DB0E8-D4E0-4B6C-A9AB-B466EF8BA279}.Release|Any CPU.Build.0 = Release|Any CPU
	EndGlobalSection
	GlobalSection(SolutionProperties) = preSolution
		HideSolutionNode = FALSE
	EndGlobalSection
	GlobalSection(ExtensibilityGlobals) = postSolution
		SolutionGuid = {A36EF290-604D-4991-B89C-E70ABA496A66}
	EndGlobalSection
EndGlobal
